
Microsoft Visual Studio Solution File, Format Version 12.00
# Visual Studio Version 17
VisualStudioVersion = 17.0.31903.59
MinimumVisualStudioVersion = 10.0.40219.1
Project("{2150E333-8FDC-42A3-9474-1A3956D46DE8}") = "src", "src", "{CFB25E00-39FC-486B-99EA-272DB1C1C078}"
EndProject
Project("{2150E333-8FDC-42A3-9474-1A3956D46DE8}") = "Core", "Core", "{18A17B9B-BB22-4C99-A4AD-F9779F619E32}"
EndProject
Project("{9A19103F-16F7-4668-BE54-9A1E7A4F7556}") = "ZMK.Domain", "src\Core\ZMK.Domain\ZMK.Domain.csproj", "{8C3DE98F-5B12-47EA-ADF7-E93D28C7B34D}"
EndProject
Project("{2150E333-8FDC-42A3-9474-1A3956D46DE8}") = "Infrastructure", "Infrastructure", "{539C1A71-DE24-4DAA-9F2D-8A49FB3C2761}"
EndProject
Project("{9A19103F-16F7-4668-BE54-9A1E7A4F7556}") = "ZMK.PostgresDAL", "src\Infrastructure\ZMK.PostgresDAL\ZMK.PostgresDAL.csproj", "{7BC52631-5792-4C12-B051-1E586C413A10}"
EndProject
Project("{2150E333-8FDC-42A3-9474-1A3956D46DE8}") = "Application", "Application", "{20559DF2-56FA-48B7-928A-2BE18F545E54}"
EndProject
Project("{9A19103F-16F7-4668-BE54-9A1E7A4F7556}") = "ZMK.Application", "src\Application\ZMK.Application\ZMK.Application.csproj", "{2837D17C-AEC4-4DAC-A160-2E5C5B2AC27B}"
EndProject
Project("{FAE04EC0-301F-11D3-BF4B-00C04F79EFBC}") = "ZMK.Application.Implementation", "src\Application\ZMK.Application.Implementation\ZMK.Application.Implementation.csproj", "{3D889830-7173-47CD-BAFF-E0009432E104}"
EndProject
Project("{2150E333-8FDC-42A3-9474-1A3956D46DE8}") = "Presentation", "Presentation", "{043EDD2D-5C61-4072-8A60-8286EA202AF6}"
EndProject
Project("{FAE04EC0-301F-11D3-BF4B-00C04F79EFBC}") = "ZMK.Wpf", "src\Presentation\ZMK.Wpf\ZMK.Wpf.csproj", "{D315BD88-004E-4721-937F-C37FC43FB0F2}"
EndProject
Global
	GlobalSection(SolutionConfigurationPlatforms) = preSolution
		Debug|Any CPU = Debug|Any CPU
		Release|Any CPU = Release|Any CPU
	EndGlobalSection
	GlobalSection(ProjectConfigurationPlatforms) = postSolution
		{8C3DE98F-5B12-47EA-ADF7-E93D28C7B34D}.Debug|Any CPU.ActiveCfg = Debug|Any CPU
		{8C3DE98F-5B12-47EA-ADF7-E93D28C7B34D}.Debug|Any CPU.Build.0 = Debug|Any CPU
		{8C3DE98F-5B12-47EA-ADF7-E93D28C7B34D}.Release|Any CPU.ActiveCfg = Release|Any CPU
		{8C3DE98F-5B12-47EA-ADF7-E93D28C7B34D}.Release|Any CPU.Build.0 = Release|Any CPU
		{7BC52631-5792-4C12-B051-1E586C413A10}.Debug|Any CPU.ActiveCfg = Debug|Any CPU
		{7BC52631-5792-4C12-B051-1E586C413A10}.Debug|Any CPU.Build.0 = Debug|Any CPU
		{7BC52631-5792-4C12-B051-1E586C413A10}.Release|Any CPU.ActiveCfg = Release|Any CPU
		{7BC52631-5792-4C12-B051-1E586C413A10}.Release|Any CPU.Build.0 = Release|Any CPU
		{2837D17C-AEC4-4DAC-A160-2E5C5B2AC27B}.Debug|Any CPU.ActiveCfg = Debug|Any CPU
		{2837D17C-AEC4-4DAC-A160-2E5C5B2AC27B}.Debug|Any CPU.Build.0 = Debug|Any CPU
		{2837D17C-AEC4-4DAC-A160-2E5C5B2AC27B}.Release|Any CPU.ActiveCfg = Release|Any CPU
		{2837D17C-AEC4-4DAC-A160-2E5C5B2AC27B}.Release|Any CPU.Build.0 = Release|Any CPU
		{3D889830-7173-47CD-BAFF-E0009432E104}.Debug|Any CPU.ActiveCfg = Debug|Any CPU
		{3D889830-7173-47CD-BAFF-E0009432E104}.Debug|Any CPU.Build.0 = Debug|Any CPU
		{3D889830-7173-47CD-BAFF-E0009432E104}.Release|Any CPU.ActiveCfg = Release|Any CPU
		{3D889830-7173-47CD-BAFF-E0009432E104}.Release|Any CPU.Build.0 = Release|Any CPU
		{D315BD88-004E-4721-937F-C37FC43FB0F2}.Debug|Any CPU.ActiveCfg = Debug|Any CPU
		{D315BD88-004E-4721-937F-C37FC43FB0F2}.Debug|Any CPU.Build.0 = Debug|Any CPU
		{D315BD88-004E-4721-937F-C37FC43FB0F2}.Release|Any CPU.ActiveCfg = Release|Any CPU
		{D315BD88-004E-4721-937F-C37FC43FB0F2}.Release|Any CPU.Build.0 = Release|Any CPU
	EndGlobalSection
	GlobalSection(SolutionProperties) = preSolution
		HideSolutionNode = FALSE
	EndGlobalSection
	GlobalSection(NestedProjects) = preSolution
		{18A17B9B-BB22-4C99-A4AD-F9779F619E32} = {CFB25E00-39FC-486B-99EA-272DB1C1C078}
		{8C3DE98F-5B12-47EA-ADF7-E93D28C7B34D} = {18A17B9B-BB22-4C99-A4AD-F9779F619E32}
		{539C1A71-DE24-4DAA-9F2D-8A49FB3C2761} = {CFB25E00-39FC-486B-99EA-272DB1C1C078}
		{7BC52631-5792-4C12-B051-1E586C413A10} = {539C1A71-DE24-4DAA-9F2D-8A49FB3C2761}
		{20559DF2-56FA-48B7-928A-2BE18F545E54} = {CFB25E00-39FC-486B-99EA-272DB1C1C078}
		{2837D17C-AEC4-4DAC-A160-2E5C5B2AC27B} = {20559DF2-56FA-48B7-928A-2BE18F545E54}
		{3D889830-7173-47CD-BAFF-E0009432E104} = {20559DF2-56FA-48B7-928A-2BE18F545E54}
		{043EDD2D-5C61-4072-8A60-8286EA202AF6} = {CFB25E00-39FC-486B-99EA-272DB1C1C078}
		{D315BD88-004E-4721-937F-C37FC43FB0F2} = {043EDD2D-5C61-4072-8A60-8286EA202AF6}
	EndGlobalSection
	GlobalSection(ExtensibilityGlobals) = postSolution
		SolutionGuid = {4FAE6AE4-59ED-4B47-883A-EE27621C9FAC}
	EndGlobalSection
EndGlobal
